Microsoft Visual Studio Solution File, Format Version 12.00
# Visual Studio Version 17
VisualStudioVersion = 17.5.2.0
MinimumVisualStudioVersion = 10.0.40219.1
Project("{FAE04EC0-301F-11D3-BF4B-00C04F79EFBC}") = "Lab0", "Lab0\Lab0.csproj", "{BFF51CBC-358D-5724-093E-51856267C5AE}"
EndProject
Global
	GlobalSection(SolutionConfigurationPlatforms) = preSolution
		Debug|Any CPU = Debug|Any CPU
		Release|Any CPU = Release|Any CPU
	EndGlobalSection
	GlobalSection(ProjectConfigurationPlatforms) = postSolution
		{BFF51CBC-358D-5724-093E-51856267C5AE}.Debug|Any CPU.ActiveCfg = Debug|Any CPU
		{BFF51CBC-358D-5724-093E-51856267C5AE}.Debug|Any CPU.Build.0 = Debug|Any CPU
		{BFF51CBC-358D-5724-093E-51856267C5AE}.Release|Any CPU.ActiveCfg = Release|Any CPU
		{BFF51CBC-358D-5724-093E-51856267C5AE}.Release|Any CPU.Build.0 = Release|Any CPU
	EndGlobalSection
	GlobalSection(SolutionProperties) = preSolution
		HideSolutionNode = FALSE
	EndGlobalSection
	GlobalSection(ExtensibilityGlobals) = postSolution
		SolutionGuid = {CED0EB32-2525-4B1C-A666-F1D771F41D28}
	EndGlobalSection
EndGlobal
